// !$*UTF8*$!
{
	archiveVersion = 1;
	classes = {
	};
	objectVersion = 56;
	objects = {

/* Begin PBXBuildFile section */
		50B30EF72965FE5F00EBD55C /* AroundMe_frontApp.swift in Sources */ = {isa = PBXBuildFile; fileRef = 50B30EF62965FE5F00EBD55C /* AroundMe_frontApp.swift */; };
		50B30EF92965FE5F00EBD55C /* ContentView.swift in Sources */ = {isa = PBXBuildFile; fileRef = 50B30EF82965FE5F00EBD55C /* ContentView.swift */; };
		50B30EFB2965FE6000EBD55C /* Assets.xcassets in Resources */ = {isa = PBXBuildFile; fileRef = 50B30EFA2965FE6000EBD55C /* Assets.xcassets */; };
		50B30EFF2965FE6000EBD55C /* Preview Assets.xcassets in Resources */ = {isa = PBXBuildFile; fileRef = 50B30EFE2965FE6000EBD55C /* Preview Assets.xcassets */; };
		50B30F092965FE6000EBD55C /* AroundMe_frontTests.swift in Sources */ = {isa = PBXBuildFile; fileRef = 50B30F082965FE6000EBD55C /* AroundMe_frontTests.swift */; };
		50B30F132965FE6000EBD55C /* AroundMe_frontUITests.swift in Sources */ = {isa = PBXBuildFile; fileRef = 50B30F122965FE6000EBD55C /* AroundMe_frontUITests.swift */; };
		50B30F152965FE6000EBD55C /* AroundMe_frontUITestsLaunchTests.swift in Sources */ = {isa = PBXBuildFile; fileRef = 50B30F142965FE6000EBD55C /* AroundMe_frontUITestsLaunchTests.swift */; };
/* End PBXBuildFile section */

/* Begin PBXContainerItemProxy section */
		50B30F052965FE6000EBD55C /* PBXContainerItemProxy */ = {
			isa = PBXContainerItemProxy;
			containerPortal = 50B30EEB2965FE5F00EBD55C /* Project object */;
			proxyType = 1;
			remoteGlobalIDString = 50B30EF22965FE5F00EBD55C;
			remoteInfo = "AroundMe-front";
		};
		50B30F0F2965FE6000EBD55C /* PBXContainerItemProxy */ = {
			isa = PBXContainerItemProxy;
			containerPortal = 50B30EEB2965FE5F00EBD55C /* Project object */;
			proxyType = 1;
			remoteGlobalIDString = 50B30EF22965FE5F00EBD55C;
			remoteInfo = "AroundMe-front";
		};
/* End PBXContainerItemProxy section */

/* Begin PBXFileReference section */
		50B30EF32965FE5F00EBD55C /* AroundMe-front.app */ = {isa = PBXFileReference; explicitFileType = wrapper.application; includeInIndex = 0; path = "AroundMe-front.app"; sourceTree = BUILT_PRODUCTS_DIR; };
		50B30EF62965FE5F00EBD55C /* AroundMe_frontApp.swift */ = {isa = PBXFileReference; lastKnownFileType = sourcecode.swift; path = AroundMe_frontApp.swift; sourceTree = "<group>"; };
		50B30EF82965FE5F00EBD55C /* ContentView.swift */ = {isa = PBXFileReference; lastKnownFileType = sourcecode.swift; path = ContentView.swift; sourceTree = "<group>"; };
		50B30EFA2965FE6000EBD55C /* Assets.xcassets */ = {isa = PBXFileReference; lastKnownFileType = folder.assetcatalog; path = Assets.xcassets; sourceTree = "<group>"; };
		50B30EFC2965FE6000EBD55C /* AroundMe_front.entitlements */ = {isa = PBXFileReference; lastKnownFileType = text.plist.entitlements; path = AroundMe_front.entitlements; sourceTree = "<group>"; };
		50B30EFE2965FE6000EBD55C /* Preview Assets.xcassets */ = {isa = PBXFileReference; lastKnownFileType = folder.assetcatalog; path = "Preview Assets.xcassets"; sourceTree = "<group>"; };
		50B30F042965FE6000EBD55C /* AroundMe-frontTests.xctest */ = {isa = PBXFileReference; explicitFileType = wrapper.cfbundle; includeInIndex = 0; path = "AroundMe-frontTests.xctest"; sourceTree = BUILT_PRODUCTS_DIR; };
		50B30F082965FE6000EBD55C /* AroundMe_frontTests.swift */ = {isa = PBXFileReference; lastKnownFileType = sourcecode.swift; path = AroundMe_frontTests.swift; sourceTree = "<group>"; };
		50B30F0E2965FE6000EBD55C /* AroundMe-frontUITests.xctest */ = {isa = PBXFileReference; explicitFileType = wrapper.cfbundle; includeInIndex = 0; path = "AroundMe-frontUITests.xctest"; sourceTree = BUILT_PRODUCTS_DIR; };
		50B30F122965FE6000EBD55C /* AroundMe_frontUITests.swift */ = {isa = PBXFileReference; lastKnownFileType = sourcecode.swift; path = AroundMe_frontUITests.swift; sourceTree = "<group>"; };
		50B30F142965FE6000EBD55C /* AroundMe_frontUITestsLaunchTests.swift */ = {isa = PBXFileReference; lastKnownFileType = sourcecode.swift; path = AroundMe_frontUITestsLaunchTests.swift; sourceTree = "<group>"; };
/* End PBXFileReference section */

/* Begin PBXFrameworksBuildPhase section */
		50B30EF02965FE5F00EBD55C /* Frameworks */ = {
			isa = PBXFrameworksBuildPhase;
			buildActionMask = 2147483647;
			files = (
			);
			runOnlyForDeploymentPostprocessing = 0;
		};
		50B30F012965FE6000EBD55C /* Frameworks */ = {
			isa = PBXFrameworksBuildPhase;
			buildActionMask = 2147483647;
			files = (
			);
			runOnlyForDeploymentPostprocessing = 0;
		};
		50B30F0B2965FE6000EBD55C /* Frameworks */ = {
			isa = PBXFrameworksBuildPhase;
			buildActionMask = 2147483647;
			files = (
			);
			runOnlyForDeploymentPostprocessing = 0;
		};
/* End PBXFrameworksBuildPhase section */

/* Begin PBXGroup section */
		50B30EEA2965FE5F00EBD55C = {
			isa = PBXGroup;
			children = (
				50B30EF52965FE5F00EBD55C /* AroundMe-front */,
				50B30F072965FE6000EBD55C /* AroundMe-frontTests */,
				50B30F112965FE6000EBD55C /* AroundMe-frontUITests */,
				50B30EF42965FE5F00EBD55C /* Products */,
			);
			sourceTree = "<group>";
		};
		50B30EF42965FE5F00EBD55C /* Products */ = {
			isa = PBXGroup;
			children = (
				50B30EF32965FE5F00EBD55C /* AroundMe-front.app */,
				50B30F042965FE6000EBD55C /* AroundMe-frontTests.xctest */,
				50B30F0E2965FE6000EBD55C /* AroundMe-frontUITests.xctest */,
			);
			name = Products;
			sourceTree = "<group>";
		};
		50B30EF52965FE5F00EBD55C /* AroundMe-front */ = {
			isa = PBXGroup;
			children = (
				50B30F22296600AA00EBD55C /* New Group */,
				50B30EF62965FE5F00EBD55C /* AroundMe_frontApp.swift */,
				50B30EF82965FE5F00EBD55C /* ContentView.swift */,
				50B30EFA2965FE6000EBD55C /* Assets.xcassets */,
				50B30EFC2965FE6000EBD55C /* AroundMe_front.entitlements */,
				50B30EFD2965FE6000EBD55C /* Preview Content */,
			);
			path = "AroundMe-front";
			sourceTree = "<group>";
		};
		50B30EFD2965FE6000EBD55C /* Preview Content */ = {
			isa = PBXGroup;
			children = (
				50B30EFE2965FE6000EBD55C /* Preview Assets.xcassets */,
			);
			path = "Preview Content";
			sourceTree = "<group>";
		};
		50B30F072965FE6000EBD55C /* AroundMe-frontTests */ = {
			isa = PBXGroup;
			children = (
				50B30F082965FE6000EBD55C /* AroundMe_frontTests.swift */,
			);
			path = "AroundMe-frontTests";
			sourceTree = "<group>";
		};
		50B30F112965FE6000EBD55C /* AroundMe-frontUITests */ = {
			isa = PBXGroup;
			children = (
				50B30F122965FE6000EBD55C /* AroundMe_frontUITests.swift */,
				50B30F142965FE6000EBD55C /* AroundMe_frontUITestsLaunchTests.swift */,
			);
			path = "AroundMe-frontUITests";
			sourceTree = "<group>";
		};
		50B30F22296600AA00EBD55C /* New Group */ = {
			isa = PBXGroup;
			children = (
			);
			path = "New Group";
			sourceTree = "<group>";
		};
/* End PBXGroup section */

/* Begin PBXNativeTarget section */
		50B30EF22965FE5F00EBD55C /* AroundMe-front */ = {
			isa = PBXNativeTarget;
			buildConfigurationList = 50B30F182965FE6000EBD55C /* Build configuration list for PBXNativeTarget "AroundMe-front" */;
			buildPhases = (
				50B30EEF2965FE5F00EBD55C /* Sources */,
				50B30EF02965FE5F00EBD55C /* Frameworks */,
				50B30EF12965FE5F00EBD55C /* Resources */,
			);
			buildRules = (
			);
			dependencies = (
			);
			name = "AroundMe-front";
			productName = "AroundMe-front";
			productReference = 50B30EF32965FE5F00EBD55C /* AroundMe-front.app */;
			productType = "com.apple.product-type.application";
		};
		50B30F032965FE6000EBD55C /* AroundMe-frontTests */ = {
			isa = PBXNativeTarget;
			buildConfigurationList = 50B30F1B2965FE6000EBD55C /* Build configuration list for PBXNativeTarget "AroundMe-frontTests" */;
			buildPhases = (
				50B30F002965FE6000EBD55C /* Sources */,
				50B30F012965FE6000EBD55C /* Frameworks */,
				50B30F022965FE6000EBD55C /* Resources */,
			);
			buildRules = (
			);
			dependencies = (
				50B30F062965FE6000EBD55C /* PBXTargetDependency */,
			);
			name = "AroundMe-frontTests";
			productName = "AroundMe-frontTests";
			productReference = 50B30F042965FE6000EBD55C /* AroundMe-frontTests.xctest */;
			productType = "com.apple.product-type.bundle.unit-test";
		};
		50B30F0D2965FE6000EBD55C /* AroundMe-frontUITests */ = {
			isa = PBXNativeTarget;
			buildConfigurationList = 50B30F1E2965FE6000EBD55C /* Build configuration list for PBXNativeTarget "AroundMe-frontUITests" */;
			buildPhases = (
				50B30F0A2965FE6000EBD55C /* Sources */,
				50B30F0B2965FE6000EBD55C /* Frameworks */,
				50B30F0C2965FE6000EBD55C /* Resources */,
			);
			buildRules = (
			);
			dependencies = (
				50B30F102965FE6000EBD55C /* PBXTargetDependency */,
			);
			name = "AroundMe-frontUITests";
			productName = "AroundMe-frontUITests";
			productReference = 50B30F0E2965FE6000EBD55C /* AroundMe-frontUITests.xctest */;
			productType = "com.apple.product-type.bundle.ui-testing";
		};
/* End PBXNativeTarget section */

/* Begin PBXProject section */
		50B30EEB2965FE5F00EBD55C /* Project object */ = {
			isa = PBXProject;
			attributes = {
				BuildIndependentTargetsInParallel = 1;
				LastSwiftUpdateCheck = 1420;
				LastUpgradeCheck = 1420;
				TargetAttributes = {
					50B30EF22965FE5F00EBD55C = {
						CreatedOnToolsVersion = 14.2;
					};
					50B30F032965FE6000EBD55C = {
						CreatedOnToolsVersion = 14.2;
						TestTargetID = 50B30EF22965FE5F00EBD55C;
					};
					50B30F0D2965FE6000EBD55C = {
						CreatedOnToolsVersion = 14.2;
						TestTargetID = 50B30EF22965FE5F00EBD55C;
					};
				};
			};
			buildConfigurationList = 50B30EEE2965FE5F00EBD55C /* Build configuration list for PBXProject "AroundMe-front" */;
			compatibilityVersion = "Xcode 14.0";
			developmentRegion = en;
			hasScannedForEncodings = 0;
			knownRegions = (
				en,
				Base,
			);
			mainGroup = 50B30EEA2965FE5F00EBD55C;
			productRefGroup = 50B30EF42965FE5F00EBD55C /* Products */;
			projectDirPath = "";
			projectRoot = "";
			targets = (
				50B30EF22965FE5F00EBD55C /* AroundMe-front */,
				50B30F032965FE6000EBD55C /* AroundMe-frontTests */,
				50B30F0D2965FE6000EBD55C /* AroundMe-frontUITests */,
			);
		};
/* End PBXProject section */

/* Begin PBXResourcesBuildPhase section */
		50B30EF12965FE5F00EBD55C /* Resources */ = {
			isa = PBXResourcesBuildPhase;
			buildActionMask = 2147483647;
			files = (
				50B30EFF2965FE6000EBD55C /* Preview Assets.xcassets in Resources */,
				50B30EFB2965FE6000EBD55C /* Assets.xcassets in Resources */,
			);
			runOnlyForDeploymentPostprocessing = 0;
		};
		50B30F022965FE6000EBD55C /* Resources */ = {
			isa = PBXResourcesBuildPhase;
			buildActionMask = 2147483647;
			files = (
			);
			runOnlyForDeploymentPostprocessing = 0;
		};
		50B30F0C2965FE6000EBD55C /* Resources */ = {
			isa = PBXResourcesBuildPhase;
			buildActionMask = 2147483647;
			files = (
			);
			runOnlyForDeploymentPostprocessing = 0;
		};
/* End PBXResourcesBuildPhase section */

/* Begin PBXSourcesBuildPhase section */
		50B30EEF2965FE5F00EBD55C /* Sources */ = {
			isa = PBXSourcesBuildPhase;
			buildActionMask = 2147483647;
			files = (
				50B30EF92965FE5F00EBD55C /* ContentView.swift in Sources */,
				50B30EF72965FE5F00EBD55C /* AroundMe_frontApp.swift in Sources */,
			);
			runOnlyForDeploymentPostprocessing = 0;
		};
		50B30F002965FE6000EBD55C /* Sources */ = {
			isa = PBXSourcesBuildPhase;
			buildActionMask = 2147483647;
			files = (
				50B30F092965FE6000EBD55C /* AroundMe_frontTests.swift in Sources */,
			);
			runOnlyForDeploymentPostprocessing = 0;
		};
		50B30F0A2965FE6000EBD55C /* Sources */ = {
			isa = PBXSourcesBuildPhase;
			buildActionMask = 2147483647;
			files = (
				50B30F132965FE6000EBD55C /* AroundMe_frontUITests.swift in Sources */,
				50B30F152965FE6000EBD55C /* AroundMe_frontUITestsLaunchTests.swift in Sources */,
			);
			runOnlyForDeploymentPostprocessing = 0;
		};
/* End PBXSourcesBuildPhase section */

/* Begin PBXTargetDependency section */
		50B30F062965FE6000EBD55C /* PBXTargetDependency */ = {
			isa = PBXTargetDependency;
			target = 50B30EF22965FE5F00EBD55C /* AroundMe-front */;
			targetProxy = 50B30F052965FE6000EBD55C /* PBXContainerItemProxy */;
		};
		50B30F102965FE6000EBD55C /* PBXTargetDependency */ = {
			isa = PBXTargetDependency;
			target = 50B30EF22965FE5F00EBD55C /* AroundMe-front */;
			targetProxy = 50B30F0F2965FE6000EBD55C /* PBXContainerItemProxy */;
		};
/* End PBXTargetDependency section */

/* Begin XCBuildConfiguration section */
		50B30F162965FE6000EBD55C /* Debug */ = {
			isa = XCBuildConfiguration;
			buildSettings = {
				ALWAYS_SEARCH_USER_PATHS = NO;
				CLANG_ANALYZER_NONNULL = YES;
				CLANG_ANALYZER_NUMBER_OBJECT_CONVERSION = YES_AGGRESSIVE;
				CLANG_CXX_LANGUAGE_STANDARD = "gnu++20";
				CLANG_ENABLE_MODULES = YES;
				CLANG_ENABLE_OBJC_ARC = YES;
				CLANG_ENABLE_OBJC_WEAK = YES;
				CLANG_WARN_BLOCK_CAPTURE_AUTORELEASING = YES;
				CLANG_WARN_BOOL_CONVERSION = YES;
				CLANG_WARN_COMMA = YES;
				CLANG_WARN_CONSTANT_CONVERSION = YES;
				CLANG_WARN_DEPRECATED_OBJC_IMPLEMENTATIONS = YES;
				CLANG_WARN_DIRECT_OBJC_ISA_USAGE = YES_ERROR;
				CLANG_WARN_DOCUMENTATION_COMMENTS = YES;
				CLANG_WARN_EMPTY_BODY = YES;
				CLANG_WARN_ENUM_CONVERSION = YES;
				CLANG_WARN_INFINITE_RECURSION = YES;
				CLANG_WARN_INT_CONVERSION = YES;
				CLANG_WARN_NON_LITERAL_NULL_CONVERSION = YES;
				CLANG_WARN_OBJC_IMPLICIT_RETAIN_SELF = YES;
				CLANG_WARN_OBJC_LITERAL_CONVERSION = YES;
				CLANG_WARN_OBJC_ROOT_CLASS = YES_ERROR;
				CLANG_WARN_QUOTED_INCLUDE_IN_FRAMEWORK_HEADER = YES;
				CLANG_WARN_RANGE_LOOP_ANALYSIS = YES;
				CLANG_WARN_STRICT_PROTOTYPES = YES;
				CLANG_WARN_SUSPICIOUS_MOVE = YES;
				CLANG_WARN_UNGUARDED_AVAILABILITY = YES_AGGRESSIVE;
				CLANG_WARN_UNREACHABLE_CODE = YES;
				CLANG_WARN__DUPLICATE_METHOD_MATCH = YES;
				COPY_PHASE_STRIP = NO;
				DEBUG_INFORMATION_FORMAT = dwarf;
				ENABLE_STRICT_OBJC_MSGSEND = YES;
				ENABLE_TESTABILITY = YES;
				GCC_C_LANGUAGE_STANDARD = gnu11;
				GCC_DYNAMIC_NO_PIC = NO;
				GCC_NO_COMMON_BLOCKS = YES;
				GCC_OPTIMIZATION_LEVEL = 0;
				GCC_PREPROCESSOR_DEFINITIONS = (
					"DEBUG=1",
					"$(inherited)",
				);
				GCC_WARN_64_TO_32_BIT_CONVERSION = YES;
				GCC_WARN_ABOUT_RETURN_TYPE = YES_ERROR;
				GCC_WARN_UNDECLARED_SELECTOR = YES;
				GCC_WARN_UNINITIALIZED_AUTOS = YES_AGGRESSIVE;
				GCC_WARN_UNUSED_FUNCTION = YES;
				GCC_WARN_UNUSED_VARIABLE = YES;
				MTL_ENABLE_DEBUG_INFO = INCLUDE_SOURCE;
				MTL_FAST_MATH = YES;
				ONLY_ACTIVE_ARCH = YES;
				SWIFT_ACTIVE_COMPILATION_CONDITIONS = DEBUG;
				SWIFT_OPTIMIZATION_LEVEL = "-Onone";
			};
			name = Debug;
		};
		50B30F172965FE6000EBD55C /* Release */ = {
			isa = XCBuildConfiguration;
			buildSettings = {
				ALWAYS_SEARCH_USER_PATHS = NO;
				CLANG_ANALYZER_NONNULL = YES;
				CLANG_ANALYZER_NUMBER_OBJECT_CONVERSION = YES_AGGRESSIVE;
				CLANG_CXX_LANGUAGE_STANDARD = "gnu++20";
				CLANG_ENABLE_MODULES = YES;
				CLANG_ENABLE_OBJC_ARC = YES;
				CLANG_ENABLE_OBJC_WEAK = YES;
				CLANG_WARN_BLOCK_CAPTURE_AUTORELEASING = YES;
				CLANG_WARN_BOOL_CONVERSION = YES;
				CLANG_WARN_COMMA = YES;
				CLANG_WARN_CONSTANT_CONVERSION = YES;
				CLANG_WARN_DEPRECATED_OBJC_IMPLEMENTATIONS = YES;
				CLANG_WARN_DIRECT_OBJC_ISA_USAGE = YES_ERROR;
				CLANG_WARN_DOCUMENTATION_COMMENTS = YES;
				CLANG_WARN_EMPTY_BODY = YES;
				CLANG_WARN_ENUM_CONVERSION = YES;
				CLANG_WARN_INFINITE_RECURSION = YES;
				CLANG_WARN_INT_CONVERSION = YES;
				CLANG_WARN_NON_LITERAL_NULL_CONVERSION = YES;
				CLANG_WARN_OBJC_IMPLICIT_RETAIN_SELF = YES;
				CLANG_WARN_OBJC_LITERAL_CONVERSION = YES;
				CLANG_WARN_OBJC_ROOT_CLASS = YES_ERROR;
				CLANG_WARN_QUOTED_INCLUDE_IN_FRAMEWORK_HEADER = YES;
				CLANG_WARN_RANGE_LOOP_ANALYSIS = YES;
				CLANG_WARN_STRICT_PROTOTYPES = YES;
				CLANG_WARN_SUSPICIOUS_MOVE = YES;
				CLANG_WARN_UNGUARDED_AVAILABILITY = YES_AGGRESSIVE;
				CLANG_WARN_UNREACHABLE_CODE = YES;
				CLANG_WARN__DUPLICATE_METHOD_MATCH = YES;
				COPY_PHASE_STRIP = NO;
				DEBUG_INFORMATION_FORMAT = "dwarf-with-dsym";
				ENABLE_NS_ASSERTIONS = NO;
				ENABLE_STRICT_OBJC_MSGSEND = YES;
				GCC_C_LANGUAGE_STANDARD = gnu11;
				GCC_NO_COMMON_BLOCKS = YES;
				GCC_WARN_64_TO_32_BIT_CONVERSION = YES;
				GCC_WARN_ABOUT_RETURN_TYPE = YES_ERROR;
				GCC_WARN_UNDECLARED_SELECTOR = YES;
				GCC_WARN_UNINITIALIZED_AUTOS = YES_AGGRESSIVE;
				GCC_WARN_UNUSED_FUNCTION = YES;
				GCC_WARN_UNUSED_VARIABLE = YES;
				MTL_ENABLE_DEBUG_INFO = NO;
				MTL_FAST_MATH = YES;
				SWIFT_COMPILATION_MODE = wholemodule;
				SWIFT_OPTIMIZATION_LEVEL = "-O";
			};
			name = Release;
		};
		50B30F192965FE6000EBD55C /* Debug */ = {
			isa = XCBuildConfiguration;
			buildSettings = {
				ASSETCATALOG_COMPILER_APPICON_NAME = AppIcon;
				ASSETCATALOG_COMPILER_GLOBAL_ACCENT_COLOR_NAME = AccentColor;
				CODE_SIGN_ENTITLEMENTS = "AroundMe-front/AroundMe_front.entitlements";
				CODE_SIGN_STYLE = Automatic;
				CURRENT_PROJECT_VERSION = 1;
				DEVELOPMENT_ASSET_PATHS = "\"AroundMe-front/Preview Content\"";
				DEVELOPMENT_TEAM = 74VCP7CU2U;
				ENABLE_HARDENED_RUNTIME = YES;
				ENABLE_PREVIEWS = YES;
				GENERATE_INFOPLIST_FILE = YES;
				"INFOPLIST_KEY_UIApplicationSceneManifest_Generation[sdk=iphoneos*]" = YES;
				"INFOPLIST_KEY_UIApplicationSceneManifest_Generation[sdk=iphonesimulator*]" = YES;
				"INFOPLIST_KEY_UIApplicationSupportsIndirectInputEvents[sdk=iphoneos*]" = YES;
				"INFOPLIST_KEY_UIApplicationSupportsIndirectInputEvents[sdk=iphonesimulator*]" = YES;
				"INFOPLIST_KEY_UILaunchScreen_Generation[sdk=iphoneos*]" = YES;
				"INFOPLIST_KEY_UILaunchScreen_Generation[sdk=iphonesimulator*]" = YES;
				"INFOPLIST_KEY_UIStatusBarStyle[sdk=iphoneos*]" = UIStatusBarStyleDefault;
				"INFOPLIST_KEY_UIStatusBarStyle[sdk=iphonesimulator*]" = UIStatusBarStyleDefault;
				INFOPLIST_KEY_UISupportedInterfaceOrientations_iPad = "UIInterfaceOrientationPortrait UIInterfaceOrientationPortraitUpsideDown UIInterfaceOrientationLandscapeLeft UIInterfaceOrientationLandscapeRight";
				INFOPLIST_KEY_UISupportedInterfaceOrientations_iPhone = "UIInterfaceOrientationPortrait UIInterfaceOrientationLandscapeLeft UIInterfaceOrientationLandscapeRight";
				IPHONEOS_DEPLOYMENT_TARGET = 16.2;
				LD_RUNPATH_SEARCH_PATHS = "@executable_path/Frameworks";
				"LD_RUNPATH_SEARCH_PATHS[sdk=macosx*]" = "@executable_path/../Frameworks";
				MACOSX_DEPLOYMENT_TARGET = 13.0;
				MARKETING_VERSION = 1.0;
				PRODUCT_BUNDLE_IDENTIFIER = "AroundME.AroundMe-front";
				PRODUCT_NAME = "$(TARGET_NAME)";
				SDKROOT = auto;
				SUPPORTED_PLATFORMS = "iphoneos iphonesimulator macosx";
				SWIFT_EMIT_LOC_STRINGS = YES;
				SWIFT_VERSION = 5.0;
				TARGETED_DEVICE_FAMILY = "1,2";
			};
			name = Debug;
		};
		50B30F1A2965FE6000EBD55C /* Release */ = {
			isa = XCBuildConfiguration;
			buildSettings = {
				ASSETCATALOG_COMPILER_APPICON_NAME = AppIcon;
				ASSETCATALOG_COMPILER_GLOBAL_ACCENT_COLOR_NAME = AccentColor;
				CODE_SIGN_ENTITLEMENTS = "AroundMe-front/AroundMe_front.entitlements";
				CODE_SIGN_STYLE = Automatic;
				CURRENT_PROJECT_VERSION = 1;
				DEVELOPMENT_ASSET_PATHS = "\"AroundMe-front/Preview Content\"";
				DEVELOPMENT_TEAM = 74VCP7CU2U;
				ENABLE_HARDENED_RUNTIME = YES;
				ENABLE_PREVIEWS = YES;
				GENERATE_INFOPLIST_FILE = YES;
				"INFOPLIST_KEY_UIApplicationSceneManifest_Generation[sdk=iphoneos*]" = YES;
				"INFOPLIST_KEY_UIApplicationSceneManifest_Generation[sdk=iphonesimulator*]" = YES;
				"INFOPLIST_KEY_UIApplicationSupportsIndirectInputEvents[sdk=iphoneos*]" = YES;
				"INFOPLIST_KEY_UIApplicationSupportsIndirectInputEvents[sdk=iphonesimulator*]" = YES;
				"INFOPLIST_KEY_UILaunchScreen_Generation[sdk=iphoneos*]" = YES;
				"INFOPLIST_KEY_UILaunchScreen_Generation[sdk=iphonesimulator*]" = YES;
				"INFOPLIST_KEY_UIStatusBarStyle[sdk=iphoneos*]" = UIStatusBarStyleDefault;
				"INFOPLIST_KEY_UIStatusBarStyle[sdk=iphonesimulator*]" = UIStatusBarStyleDefault;
				INFOPLIST_KEY_UISupportedInterfaceOrientations_iPad = "UIInterfaceOrientationPortrait UIInterfaceOrientationPortraitUpsideDown UIInterfaceOrientationLandscapeLeft UIInterfaceOrientationLandscapeRight";
				INFOPLIST_KEY_UISupportedInterfaceOrientations_iPhone = "UIInterfaceOrientationPortrait UIInterfaceOrientationLandscapeLeft UIInterfaceOrientationLandscapeRight";
				IPHONEOS_DEPLOYMENT_TARGET = 16.2;
				LD_RUNPATH_SEARCH_PATHS = "@executable_path/Frameworks";
				"LD_RUNPATH_SEARCH_PATHS[sdk=macosx*]" = "@executable_path/../Frameworks";
				MACOSX_DEPLOYMENT_TARGET = 13.0;
				MARKETING_VERSION = 1.0;
				PRODUCT_BUNDLE_IDENTIFIER = "AroundME.AroundMe-front";
				PRODUCT_NAME = "$(TARGET_NAME)";
				SDKROOT = auto;
				SUPPORTED_PLATFORMS = "iphoneos iphonesimulator macosx";
				SWIFT_EMIT_LOC_STRINGS = YES;
				SWIFT_VERSION = 5.0;
				TARGETED_DEVICE_FAMILY = "1,2";
			};
			name = Release;
		};
		50B30F1C2965FE6000EBD55C /* Debug */ = {
			isa = XCBuildConfiguration;
			buildSettings = {
				ALWAYS_EMBED_SWIFT_STANDARD_LIBRARIES = YES;
				BUNDLE_LOADER = "$(TEST_HOST)";
				CODE_SIGN_STYLE = Automatic;
				CURRENT_PROJECT_VERSION = 1;
				DEVELOPMENT_TEAM = 74VCP7CU2U;
				GENERATE_INFOPLIST_FILE = YES;
				IPHONEOS_DEPLOYMENT_TARGET = 16.2;
				MACOSX_DEPLOYMENT_TARGET = 13.0;
				MARKETING_VERSION = 1.0;
				PRODUCT_BUNDLE_IDENTIFIER = "AroundME.AroundMe-frontTests";
				PRODUCT_NAME = "$(TARGET_NAME)";
				SDKROOT = auto;
				SUPPORTED_PLATFORMS = "iphoneos iphonesimulator macosx";
				SWIFT_EMIT_LOC_STRINGS = NO;
				SWIFT_VERSION = 5.0;
				TARGETED_DEVICE_FAMILY = "1,2";
				TEST_HOST = "$(BUILT_PRODUCTS_DIR)/AroundMe-front.app/$(BUNDLE_EXECUTABLE_FOLDER_PATH)/AroundMe-front";
			};
			name = Debug;
		};
		50B30F1D2965FE6000EBD55C /* Release */ = {
			isa = XCBuildConfiguration;
			buildSettings = {
				ALWAYS_EMBED_SWIFT_STANDARD_LIBRARIES = YES;
				BUNDLE_LOADER = "$(TEST_HOST)";
				CODE_SIGN_STYLE = Automatic;
				CURRENT_PROJECT_VERSION = 1;
				DEVELOPMENT_TEAM = 74VCP7CU2U;
				GENERATE_INFOPLIST_FILE = YES;
				IPHONEOS_DEPLOYMENT_TARGET = 16.2;
				MACOSX_DEPLOYMENT_TARGET = 13.0;
				MARKETING_VERSION = 1.0;
				PRODUCT_BUNDLE_IDENTIFIER = "AroundME.AroundMe-frontTests";
				PRODUCT_NAME = "$(TARGET_NAME)";
				SDKROOT = auto;
				SUPPORTED_PLATFORMS = "iphoneos iphonesimulator macosx";
				SWIFT_EMIT_LOC_STRINGS = NO;
				SWIFT_VERSION = 5.0;
				TARGETED_DEVICE_FAMILY = "1,2";
				TEST_HOST = "$(BUILT_PRODUCTS_DIR)/AroundMe-front.app/$(BUNDLE_EXECUTABLE_FOLDER_PATH)/AroundMe-front";
			};
			name = Release;
		};
		50B30F1F2965FE6000EBD55C /* Debug */ = {
			isa = XCBuildConfiguration;
			buildSettings = {
				ALWAYS_EMBED_SWIFT_STANDARD_LIBRARIES = YES;
				CODE_SIGN_STYLE = Automatic;
				CURRENT_PROJECT_VERSION = 1;
				DEVELOPMENT_TEAM = 74VCP7CU2U;
				GENERATE_INFOPLIST_FILE = YES;
				IPHONEOS_DEPLOYMENT_TARGET = 16.2;
				MACOSX_DEPLOYMENT_TARGET = 13.0;
				MARKETING_VERSION = 1.0;
				PRODUCT_BUNDLE_IDENTIFIER = "AroundME.AroundMe-frontUITests";
				PRODUCT_NAME = "$(TARGET_NAME)";
				SDKROOT = auto;
				SUPPORTED_PLATFORMS = "iphoneos iphonesimulator macosx";
				SWIFT_EMIT_LOC_STRINGS = NO;
				SWIFT_VERSION = 5.0;
				TARGETED_DEVICE_FAMILY = "1,2";
				TEST_TARGET_NAME = "AroundMe-front";
			};
			name = Debug;
		};
		50B30F202965FE6000EBD55C /* Release */ = {
			isa = XCBuildConfiguration;
			buildSettings = {
				ALWAYS_EMBED_SWIFT_STANDARD_LIBRARIES = YES;
				CODE_SIGN_STYLE = Automatic;
				CURRENT_PROJECT_VERSION = 1;
				DEVELOPMENT_TEAM = 74VCP7CU2U;
				GENERATE_INFOPLIST_FILE = YES;
				IPHONEOS_DEPLOYMENT_TARGET = 16.2;
				MACOSX_DEPLOYMENT_TARGET = 13.0;
				MARKETING_VERSION = 1.0;
				PRODUCT_BUNDLE_IDENTIFIER = "AroundME.AroundMe-frontUITests";
				PRODUCT_NAME = "$(TARGET_NAME)";
				SDKROOT = auto;
				SUPPORTED_PLATFORMS = "iphoneos iphonesimulator macosx";
				SWIFT_EMIT_LOC_STRINGS = NO;
				SWIFT_VERSION = 5.0;
				TARGETED_DEVICE_FAMILY = "1,2";
				TEST_TARGET_NAME = "AroundMe-front";
			};
			name = Release;
		};
/* End XCBuildConfiguration section */

/* Begin XCConfigurationList section */
		50B30EEE2965FE5F00EBD55C /* Build configuration list for PBXProject "AroundMe-front" */ = {
			isa = XCConfigurationList;
			buildConfigurations = (
				50B30F162965FE6000EBD55C /* Debug */,
				50B30F172965FE6000EBD55C /* Release */,
			);
			defaultConfigurationIsVisible = 0;
			defaultConfigurationName = Release;
		};
		50B30F182965FE6000EBD55C /* Build configuration list for PBXNativeTarget "AroundMe-front" */ = {
			isa = XCConfigurationList;
			buildConfigurations = (
				50B30F192965FE6000EBD55C /* Debug */,
				50B30F1A2965FE6000EBD55C /* Release */,
			);
			defaultConfigurationIsVisible = 0;
			defaultConfigurationName = Release;
		};
		50B30F1B2965FE6000EBD55C /* Build configuration list for PBXNativeTarget "AroundMe-frontTests" */ = {
			isa = XCConfigurationList;
			buildConfigurations = (
				50B30F1C2965FE6000EBD55C /* Debug */,
				50B30F1D2965FE6000EBD55C /* Release */,
			);
			defaultConfigurationIsVisible = 0;
			defaultConfigurationName = Release;
		};
		50B30F1E2965FE6000EBD55C /* Build configuration list for PBXNativeTarget "AroundMe-frontUITests" */ = {
			isa = XCConfigurationList;
			buildConfigurations = (
				50B30F1F2965FE6000EBD55C /* Debug */,
				50B30F202965FE6000EBD55C /* Release */,
			);
			defaultConfigurationIsVisible = 0;
			defaultConfigurationName = Release;
		};
/* End XCConfigurationList section */
	};
	rootObject = 50B30EEB2965FE5F00EBD55C /* Project object */;
}
